{
  "name": "node-binding-test",
  "version": "1.0.0",
  "lockfileVersion": 3,
  "requires": true,
  "packages": {
    "": {
      "name": "node-binding-test",
      "version": "1.0.0",
      "dependencies": {
        "tiktok-direct": "file:../../bindings/node"
      },
      "engines": {
        "node": ">=22"
      }
    },
    "../../bindings/node": {
      "name": "tiktok-direct",
      "version": "0.1.0",
      "license": "MIT",
      "engines": {
        "node": ">=18"
      }
    },
    "../../tiktok-direct/bindings/node": {
      "name": "tiktok-direct",
      "version": "0.1.0",
      "extraneous": true,
      "license": "MIT",
      "engines": {
        "node": ">=18"
      }
    },
    "node_modules/tiktok-direct": {
      "resolved": "../../bindings/node",
      "link": true
    }
  }
}
